
Microsoft Visual Studio Solution File, Format Version 12.00
# Visual Studio Version 16
VisualStudioVersion = 16.0.30114.128
MinimumVisualStudioVersion = 10.0.40219.1
Project("{FAE04EC0-301F-11D3-BF4B-00C04F79EFBC}") = "FoodApi", "FoodApi.csproj", "{3D9EE7B4-0972-4B09-A88D-FD6478700821}"
EndProject
Global
	GlobalSection(SolutionConfigurationPlatforms) = preSolution
		Debug|Any CPU = Debug|Any CPU
		Release|Any CPU = Release|Any CPU
	EndGlobalSection
	GlobalSection(ProjectConfigurationPlatforms) = postSolution
		{3D9EE7B4-0972-4B09-A88D-FD6478700821}.Debug|Any CPU.ActiveCfg = Debug|Any CPU
		{3D9EE7B4-0972-4B09-A88D-FD6478700821}.Debug|Any CPU.Build.0 = Debug|Any CPU
		{3D9EE7B4-0972-4B09-A88D-FD6478700821}.Release|Any CPU.ActiveCfg = Release|Any CPU
		{3D9EE7B4-0972-4B09-A88D-FD6478700821}.Release|Any CPU.Build.0 = Release|Any CPU
	EndGlobalSection
	GlobalSection(SolutionProperties) = preSolution
		HideSolutionNode = FALSE
	EndGlobalSection
	GlobalSection(ExtensibilityGlobals) = postSolution
		SolutionGuid = {005F09AF-1EA8-49CF-931F-09FEAE97E5A4}
	EndGlobalSection
EndGlobal
